// !$*UTF8*$!
{
	archiveVersion = 1;
	classes = {
	};
	objectVersion = 46;
	objects = {

/* Begin PBXBuildFile section */
		D7C7B7E81EB6340D00AECD14 /* AppDelegate.swift in Sources */ = {isa = PBXBuildFile; fileRef = D7C7B7E71EB6340D00AECD14 /* AppDelegate.swift */; };
		D7C7B7EA1EB6340D00AECD14 /* ViewController.swift in Sources */ = {isa = PBXBuildFile; fileRef = D7C7B7E91EB6340D00AECD14 /* ViewController.swift */; };
		D7C7B7ED1EB6340D00AECD14 /* Main.storyboard in Resources */ = {isa = PBXBuildFile; fileRef = D7C7B7EB1EB6340D00AECD14 /* Main.storyboard */; };
		D7C7B7EF1EB6340D00AECD14 /* Assets.xcassets in Resources */ = {isa = PBXBuildFile; fileRef = D7C7B7EE1EB6340D00AECD14 /* Assets.xcassets */; };
		D7C7B7F21EB6340D00AECD14 /* LaunchScreen.storyboard in Resources */ = {isa = PBXBuildFile; fileRef = D7C7B7F01EB6340D00AECD14 /* LaunchScreen.storyboard */; };
		D7C7B7FB1EB634B900AECD14 /* dorin-vancea-83926.jpg in Resources */ = {isa = PBXBuildFile; fileRef = D7C7B7FA1EB634B900AECD14 /* dorin-vancea-83926.jpg */; };
/* End PBXBuildFile section */

/* Begin PBXFileReference section */
		D7C7B7E41EB6340D00AECD14 /* WhatsMyWeather.app */ = {isa = PBXFileReference; explicitFileType = wrapper.application; includeInIndex = 0; path = WhatsMyWeather.app; sourceTree = BUILT_PRODUCTS_DIR; };
		D7C7B7E71EB6340D00AECD14 /* AppDelegate.swift */ = {isa = PBXFileReference; lastKnownFileType = sourcecode.swift; path = AppDelegate.swift; sourceTree = "<group>"; };
		D7C7B7E91EB6340D00AECD14 /* ViewController.swift */ = {isa = PBXFileReference; lastKnownFileType = sourcecode.swift; path = ViewController.swift; sourceTree = "<group>"; };
		D7C7B7EC1EB6340D00AECD14 /* Base */ = {isa = PBXFileReference; lastKnownFileType = file.storyboard; name = Base; path = Base.lproj/Main.storyboard; sourceTree = "<group>"; };
		D7C7B7EE1EB6340D00AECD14 /* Assets.xcassets */ = {isa = PBXFileReference; lastKnownFileType = folder.assetcatalog; path = Assets.xcassets; sourceTree = "<group>"; };
		D7C7B7F11EB6340D00AECD14 /* Base */ = {isa = PBXFileReference; lastKnownFileType = file.storyboard; name = Base; path = Base.lproj/LaunchScreen.storyboard; sourceTree = "<group>"; };
		D7C7B7F31EB6340D00AECD14 /* Info.plist */ = {isa = PBXFileReference; lastKnownFileType = text.plist.xml; path = Info.plist; sourceTree = "<group>"; };
		D7C7B7FA1EB634B900AECD14 /* dorin-vancea-83926.jpg */ = {isa = PBXFileReference; lastKnownFileType = image.jpeg; path = "dorin-vancea-83926.jpg"; sourceTree = "<group>"; };
/* End PBXFileReference section */

/* Begin PBXFrameworksBuildPhase section */
		D7C7B7E11EB6340D00AECD14 /* Frameworks */ = {
			isa = PBXFrameworksBuildPhase;
			buildActionMask = 2147483647;
			files = (
			);
			runOnlyForDeploymentPostprocessing = 0;
		};
/* End PBXFrameworksBuildPhase section */

/* Begin PBXGroup section */
		D7C7B7DB1EB6340D00AECD14 = {
			isa = PBXGroup;
			children = (
				D7C7B7E61EB6340D00AECD14 /* WhatsMyWeather */,
				D7C7B7E51EB6340D00AECD14 /* Products */,
			);
			sourceTree = "<group>";
		};
		D7C7B7E51EB6340D00AECD14 /* Products */ = {
			isa = PBXGroup;
			children = (
				D7C7B7E41EB6340D00AECD14 /* WhatsMyWeather.app */,
			);
			name = Products;
			sourceTree = "<group>";
		};
		D7C7B7E61EB6340D00AECD14 /* WhatsMyWeather */ = {
			isa = PBXGroup;
			children = (
				D7C7B7F91EB6348700AECD14 /* Images */,
				D7C7B7E71EB6340D00AECD14 /* AppDelegate.swift */,
				D7C7B7E91EB6340D00AECD14 /* ViewController.swift */,
				D7C7B7EB1EB6340D00AECD14 /* Main.storyboard */,
				D7C7B7EE1EB6340D00AECD14 /* Assets.xcassets */,
				D7C7B7F01EB6340D00AECD14 /* LaunchScreen.storyboard */,
				D7C7B7F31EB6340D00AECD14 /* Info.plist */,
			);
			path = WhatsMyWeather;
			sourceTree = "<group>";
		};
		D7C7B7F91EB6348700AECD14 /* Images */ = {
			isa = PBXGroup;
			children = (
				D7C7B7FA1EB634B900AECD14 /* dorin-vancea-83926.jpg */,
			);
			name = Images;
			sourceTree = "<group>";
		};
/* End PBXGroup section */

/* Begin PBXNativeTarget section */
		D7C7B7E31EB6340D00AECD14 /* WhatsMyWeather */ = {
			isa = PBXNativeTarget;
			buildConfigurationList = D7C7B7F61EB6340D00AECD14 /* Build configuration list for PBXNativeTarget "WhatsMyWeather" */;
			buildPhases = (
				D7C7B7E01EB6340D00AECD14 /* Sources */,
				D7C7B7E11EB6340D00AECD14 /* Frameworks */,
				D7C7B7E21EB6340D00AECD14 /* Resources */,
			);
			buildRules = (
			);
			dependencies = (
			);
			name = WhatsMyWeather;
			productName = WhatsMyWeather;
			productReference = D7C7B7E41EB6340D00AECD14 /* WhatsMyWeather.app */;
			productType = "com.apple.product-type.application";
		};
/* End PBXNativeTarget section */

/* Begin PBXProject section */
		D7C7B7DC1EB6340D00AECD14 /* Project object */ = {
			isa = PBXProject;
			attributes = {
				LastSwiftUpdateCheck = 0830;
				LastUpgradeCheck = 0830;
				ORGANIZATIONNAME = "sashidhar kalluri";
				TargetAttributes = {
					D7C7B7E31EB6340D00AECD14 = {
						CreatedOnToolsVersion = 8.3;
						ProvisioningStyle = Automatic;
					};
				};
			};
			buildConfigurationList = D7C7B7DF1EB6340D00AECD14 /* Build configuration list for PBXProject "WhatsMyWeather" */;
			compatibilityVersion = "Xcode 3.2";
			developmentRegion = English;
			hasScannedForEncodings = 0;
			knownRegions = (
				en,
				Base,
			);
			mainGroup = D7C7B7DB1EB6340D00AECD14;
			productRefGroup = D7C7B7E51EB6340D00AECD14 /* Products */;
			projectDirPath = "";
			projectRoot = "";
			targets = (
				D7C7B7E31EB6340D00AECD14 /* WhatsMyWeather */,
			);
		};
/* End PBXProject section */

/* Begin PBXResourcesBuildPhase section */
		D7C7B7E21EB6340D00AECD14 /* Resources */ = {
			isa = PBXResourcesBuildPhase;
			buildActionMask = 2147483647;
			files = (
				D7C7B7F21EB6340D00AECD14 /* LaunchScreen.storyboard in Resources */,
				D7C7B7FB1EB634B900AECD14 /* dorin-vancea-83926.jpg in Resources */,
				D7C7B7EF1EB6340D00AECD14 /* Assets.xcassets in Resources */,
				D7C7B7ED1EB6340D00AECD14 /* Main.storyboard in Resources */,
			);
			runOnlyForDeploymentPostprocessing = 0;
		};
/* End PBXResourcesBuildPhase section */

/* Begin PBXSourcesBuildPhase section */
		D7C7B7E01EB6340D00AECD14 /* Sources */ = {
			isa = PBXSourcesBuildPhase;
			buildActionMask = 2147483647;
			files = (
				D7C7B7EA1EB6340D00AECD14 /* ViewController.swift in Sources */,
				D7C7B7E81EB6340D00AECD14 /* AppDelegate.swift in Sources */,
			);
			runOnlyForDeploymentPostprocessing = 0;
		};
/* End PBXSourcesBuildPhase section */

/* Begin PBXVariantGroup section */
		D7C7B7EB1EB6340D00AECD14 /* Main.storyboard */ = {
			isa = PBXVariantGroup;
			children = (
				D7C7B7EC1EB6340D00AECD14 /* Base */,
			);
			name = Main.storyboard;
			sourceTree = "<group>";
		};
		D7C7B7F01EB6340D00AECD14 /* LaunchScreen.storyboard */ = {
			isa = PBXVariantGroup;
			children = (
				D7C7B7F11EB6340D00AECD14 /* Base */,
			);
			name = LaunchScreen.storyboard;
			sourceTree = "<group>";
		};
/* End PBXVariantGroup section */

/* Begin XCBuildConfiguration section */
		D7C7B7F41EB6340D00AECD14 /* Debug */ = {
			isa = XCBuildConfiguration;
			buildSettings = {
				ALWAYS_SEARCH_USER_PATHS = NO;
				CLANG_ANALYZER_NONNULL = YES;
				CLANG_ANALYZER_NUMBER_OBJECT_CONVERSION = YES_AGGRESSIVE;
				CLANG_CXX_LANGUAGE_STANDARD = "gnu++0x";
				CLANG_CXX_LIBRARY = "libc++";
				CLANG_ENABLE_MODULES = YES;
				CLANG_ENABLE_OBJC_ARC = YES;
				CLANG_WARN_BOOL_CONVERSION = YES;
				CLANG_WARN_CONSTANT_CONVERSION = YES;
				CLANG_WARN_DIRECT_OBJC_ISA_USAGE = YES_ERROR;
				CLANG_WARN_DOCUMENTATION_COMMENTS = YES;
				CLANG_WARN_EMPTY_BODY = YES;
				CLANG_WARN_ENUM_CONVERSION = YES;
				CLANG_WARN_INFINITE_RECURSION = YES;
				CLANG_WARN_INT_CONVERSION = YES;
				CLANG_WARN_OBJC_ROOT_CLASS = YES_ERROR;
				CLANG_WARN_SUSPICIOUS_MOVE = YES;
				CLANG_WARN_UNREACHABLE_CODE = YES;
				CLANG_WARN__DUPLICATE_METHOD_MATCH = YES;
				"CODE_SIGN_IDENTITY[sdk=iphoneos*]" = "iPhone Developer";
				COPY_PHASE_STRIP = NO;
				DEBUG_INFORMATION_FORMAT = dwarf;
				ENABLE_STRICT_OBJC_MSGSEND = YES;
				ENABLE_TESTABILITY = YES;
				GCC_C_LANGUAGE_STANDARD = gnu99;
				GCC_DYNAMIC_NO_PIC = NO;
				GCC_NO_COMMON_BLOCKS = YES;
				GCC_OPTIMIZATION_LEVEL = 0;
				GCC_PREPROCESSOR_DEFINITIONS = (
					"DEBUG=1",
					"$(inherited)",
				);
				GCC_WARN_64_TO_32_BIT_CONVERSION = YES;
				GCC_WARN_ABOUT_RETURN_TYPE = YES_ERROR;
				GCC_WARN_UNDECLARED_SELECTOR = YES;
				GCC_WARN_UNINITIALIZED_AUTOS = YES_AGGRESSIVE;
				GCC_WARN_UNUSED_FUNCTION = YES;
				GCC_WARN_UNUSED_VARIABLE = YES;
				IPHONEOS_DEPLOYMENT_TARGET = 10.3;
				MTL_ENABLE_DEBUG_INFO = YES;
				ONLY_ACTIVE_ARCH = YES;
				SDKROOT = iphoneos;
				SWIFT_ACTIVE_COMPILATION_CONDITIONS = DEBUG;
				SWIFT_OPTIMIZATION_LEVEL = "-Onone";
				TARGETED_DEVICE_FAMILY = "1,2";
			};
			name = Debug;
		};
		D7C7B7F51EB6340D00AECD14 /* Release */ = {
			isa = XCBuildConfiguration;
			buildSettings = {
				ALWAYS_SEARCH_USER_PATHS = NO;
				CLANG_ANALYZER_NONNULL = YES;
				CLANG_ANALYZER_NUMBER_OBJECT_CONVERSION = YES_AGGRESSIVE;
				CLANG_CXX_LANGUAGE_STANDARD = "gnu++0x";
				CLANG_CXX_LIBRARY = "libc++";
				CLANG_ENABLE_MODULES = YES;
				CLANG_ENABLE_OBJC_ARC = YES;
				CLANG_WARN_BOOL_CONVERSION = YES;
				CLANG_WARN_CONSTANT_CONVERSION = YES;
				CLANG_WARN_DIRECT_OBJC_ISA_USAGE = YES_ERROR;
				CLANG_WARN_DOCUMENTATION_COMMENTS = YES;
				CLANG_WARN_EMPTY_BODY = YES;
				CLANG_WARN_ENUM_CONVERSION = YES;
				CLANG_WARN_INFINITE_RECURSION = YES;
				CLANG_WARN_INT_CONVERSION = YES;
				CLANG_WARN_OBJC_ROOT_CLASS = YES_ERROR;
				CLANG_WARN_SUSPICIOUS_MOVE = YES;
				CLANG_WARN_UNREACHABLE_CODE = YES;
				CLANG_WARN__DUPLICATE_METHOD_MATCH = YES;
				"CODE_SIGN_IDENTITY[sdk=iphoneos*]" = "iPhone Developer";
				COPY_PHASE_STRIP = NO;
				DEBUG_INFORMATION_FORMAT = "dwarf-with-dsym";
				ENABLE_NS_ASSERTIONS = NO;
				ENABLE_STRICT_OBJC_MSGSEND = YES;
				GCC_C_LANGUAGE_STANDARD = gnu99;
				GCC_NO_COMMON_BLOCKS = YES;
				GCC_WARN_64_TO_32_BIT_CONVERSION = YES;
				GCC_WARN_ABOUT_RETURN_TYPE = YES_ERROR;
				GCC_WARN_UNDECLARED_SELECTOR = YES;
				GCC_WARN_UNINITIALIZED_AUTOS = YES_AGGRESSIVE;
				GCC_WARN_UNUSED_FUNCTION = YES;
				GCC_WARN_UNUSED_VARIABLE = YES;
				IPHONEOS_DEPLOYMENT_TARGET = 10.3;
				MTL_ENABLE_DEBUG_INFO = NO;
				SDKROOT = iphoneos;
				SWIFT_OPTIMIZATION_LEVEL = "-Owholemodule";
				TARGETED_DEVICE_FAMILY = "1,2";
				VALIDATE_PRODUCT = YES;
			};
			name = Release;
		};
		D7C7B7F71EB6340D00AECD14 /* Debug */ = {
			isa = XCBuildConfiguration;
			buildSettings = {
				ASSETCATALOG_COMPILER_APPICON_NAME = AppIcon;
				INFOPLIST_FILE = WhatsMyWeather/Info.plist;
				LD_RUNPATH_SEARCH_PATHS = "$(inherited) @executable_path/Frameworks";
				PRODUCT_BUNDLE_IDENTIFIER = com.sashidharkalluri.WhatsMyWeather;
				PRODUCT_NAME = "$(TARGET_NAME)";
				SWIFT_VERSION = 3.0;
			};
			name = Debug;
		};
		D7C7B7F81EB6340D00AECD14 /* Release */ = {
			isa = XCBuildConfiguration;
			buildSettings = {
				ASSETCATALOG_COMPILER_APPICON_NAME = AppIcon;
				INFOPLIST_FILE = WhatsMyWeather/Info.plist;
				LD_RUNPATH_SEARCH_PATHS = "$(inherited) @executable_path/Frameworks";
				PRODUCT_BUNDLE_IDENTIFIER = com.sashidharkalluri.WhatsMyWeather;
				PRODUCT_NAME = "$(TARGET_NAME)";
				SWIFT_VERSION = 3.0;
			};
			name = Release;
		};
/* End XCBuildConfiguration section */

/* Begin XCConfigurationList section */
		D7C7B7DF1EB6340D00AECD14 /* Build configuration list for PBXProject "WhatsMyWeather" */ = {
			isa = XCConfigurationList;
			buildConfigurations = (
				D7C7B7F41EB6340D00AECD14 /* Debug */,
				D7C7B7F51EB6340D00AECD14 /* Release */,
			);
			defaultConfigurationIsVisible = 0;
			defaultConfigurationName = Release;
		};
		D7C7B7F61EB6340D00AECD14 /* Build configuration list for PBXNativeTarget "WhatsMyWeather" */ = {
			isa = XCConfigurationList;
			buildConfigurations = (
				D7C7B7F71EB6340D00AECD14 /* Debug */,
				D7C7B7F81EB6340D00AECD14 /* Release */,
			);
			defaultConfigurationIsVisible = 0;
		};
/* End XCConfigurationList section */
	};
	rootObject = D7C7B7DC1EB6340D00AECD14 /* Project object */;
}
